
Microsoft Visual Studio Solution File, Format Version 12.00
# Visual Studio Version 17
VisualStudioVersion = 17.9.34622.214
MinimumVisualStudioVersion = 10.0.40219.1
Project("{FAE04EC0-301F-11D3-BF4B-00C04F79EFBC}") = "OpenRecall.Cli", "OpenRecall.Cli\OpenRecall.Cli.csproj", "{72BB0270-A1B7-46A6-B3E8-6FDED91DC8BD}"
EndProject
Project("{FAE04EC0-301F-11D3-BF4B-00C04F79EFBC}") = "OpenRecall.Library", "OpenRecall.Library\OpenRecall.Library.csproj", "{EF8E9271-39F2-4AD7-A23B-233E2171804F}"
EndProject
Global
	GlobalSection(SolutionConfigurationPlatforms) = preSolution
		Debug|Any CPU = Debug|Any CPU
		Release|Any CPU = Release|Any CPU
	EndGlobalSection
	GlobalSection(ProjectConfigurationPlatforms) = postSolution
		{72BB0270-A1B7-46A6-B3E8-6FDED91DC8BD}.Debug|Any CPU.ActiveCfg = Debug|Any CPU
		{72BB0270-A1B7-46A6-B3E8-6FDED91DC8BD}.Debug|Any CPU.Build.0 = Debug|Any CPU
		{72BB0270-A1B7-46A6-B3E8-6FDED91DC8BD}.Release|Any CPU.ActiveCfg = Release|Any CPU
		{72BB0270-A1B7-46A6-B3E8-6FDED91DC8BD}.Release|Any CPU.Build.0 = Release|Any CPU
		{EF8E9271-39F2-4AD7-A23B-233E2171804F}.Debug|Any CPU.ActiveCfg = Debug|Any CPU
		{EF8E9271-39F2-4AD7-A23B-233E2171804F}.Debug|Any CPU.Build.0 = Debug|Any CPU
		{EF8E9271-39F2-4AD7-A23B-233E2171804F}.Release|Any CPU.ActiveCfg = Release|Any CPU
		{EF8E9271-39F2-4AD7-A23B-233E2171804F}.Release|Any CPU.Build.0 = Release|Any CPU
	EndGlobalSection
	GlobalSection(SolutionProperties) = preSolution
		HideSolutionNode = FALSE
	EndGlobalSection
	GlobalSection(ExtensibilityGlobals) = postSolution
		SolutionGuid = {27B57607-4D00-42F5-A27F-774F0C5DCD8D}
	EndGlobalSection
EndGlobal
